
Microsoft Visual Studio Solution File, Format Version 12.00
# Visual Studio 2013
VisualStudioVersion = 12.0.21005.1
MinimumVisualStudioVersion = 10.0.40219.1
Project("{8BC9CEB8-8B4A-11D0-8D11-00A0C91BC942}") = "Quark++", "CUDA.vcxproj", "{DA03790A-9432-43C6-ABFE-5104E30B6A35}"
EndProject
Project("{8BC9CEB8-8B4A-11D0-8D11-00A0C91BC942}") = "tests", "tests\tests.vcxproj", "{104EC760-1250-4302-A771-AE6D00930874}"
EndProject
Project("{8BC9CEB8-8B4A-11D0-8D11-00A0C91BC942}") = "test_shor", "test_shor\test_shor.vcxproj", "{F8DE5B89-E45D-4621-9E85-7A8D111964BF}"
EndProject
Project("{8BC9CEB8-8B4A-11D0-8D11-00A0C91BC942}") = "test_grover", "test_grover\test_grover.vcxproj", "{4A05A249-F5AF-4137-9837-475CA284C218}"
EndProject
Global
	GlobalSection(SolutionConfigurationPlatforms) = preSolution
		Debug|Mixed Platforms = Debug|Mixed Platforms
		Debug|Win32 = Debug|Win32
		Debug|x64 = Debug|x64
		Release|Mixed Platforms = Release|Mixed Platforms
		Release|Win32 = Release|Win32
		Release|x64 = Release|x64
	EndGlobalSection
	GlobalSection(ProjectConfigurationPlatforms) = postSolution
		{DA03790A-9432-43C6-ABFE-5104E30B6A35}.Debug|Mixed Platforms.ActiveCfg = Debug|Win32
		{DA03790A-9432-43C6-ABFE-5104E30B6A35}.Debug|Mixed Platforms.Build.0 = Debug|Win32
		{DA03790A-9432-43C6-ABFE-5104E30B6A35}.Debug|Win32.ActiveCfg = Debug|Win32
		{DA03790A-9432-43C6-ABFE-5104E30B6A35}.Debug|Win32.Build.0 = Debug|Win32
		{DA03790A-9432-43C6-ABFE-5104E30B6A35}.Debug|x64.ActiveCfg = Debug|x64
		{DA03790A-9432-43C6-ABFE-5104E30B6A35}.Debug|x64.Build.0 = Debug|x64
		{DA03790A-9432-43C6-ABFE-5104E30B6A35}.Release|Mixed Platforms.ActiveCfg = Release|Win32
		{DA03790A-9432-43C6-ABFE-5104E30B6A35}.Release|Mixed Platforms.Build.0 = Release|Win32
		{DA03790A-9432-43C6-ABFE-5104E30B6A35}.Release|Win32.ActiveCfg = Release|Win32
		{DA03790A-9432-43C6-ABFE-5104E30B6A35}.Release|Win32.Build.0 = Release|Win32
		{DA03790A-9432-43C6-ABFE-5104E30B6A35}.Release|x64.ActiveCfg = Release|x64
		{DA03790A-9432-43C6-ABFE-5104E30B6A35}.Release|x64.Build.0 = Release|x64
		{104EC760-1250-4302-A771-AE6D00930874}.Debug|Mixed Platforms.ActiveCfg = Debug|Win32
		{104EC760-1250-4302-A771-AE6D00930874}.Debug|Mixed Platforms.Build.0 = Debug|Win32
		{104EC760-1250-4302-A771-AE6D00930874}.Debug|Win32.ActiveCfg = Debug|Win32
		{104EC760-1250-4302-A771-AE6D00930874}.Debug|Win32.Build.0 = Debug|Win32
		{104EC760-1250-4302-A771-AE6D00930874}.Debug|x64.ActiveCfg = Debug|x64
		{104EC760-1250-4302-A771-AE6D00930874}.Debug|x64.Build.0 = Debug|x64
		{104EC760-1250-4302-A771-AE6D00930874}.Release|Mixed Platforms.ActiveCfg = Release|Win32
		{104EC760-1250-4302-A771-AE6D00930874}.Release|Mixed Platforms.Build.0 = Release|Win32
		{104EC760-1250-4302-A771-AE6D00930874}.Release|Win32.ActiveCfg = Release|Win32
		{104EC760-1250-4302-A771-AE6D00930874}.Release|Win32.Build.0 = Release|Win32
		{104EC760-1250-4302-A771-AE6D00930874}.Release|x64.ActiveCfg = Release|x64
		{104EC760-1250-4302-A771-AE6D00930874}.Release|x64.Build.0 = Release|x64
		{F8DE5B89-E45D-4621-9E85-7A8D111964BF}.Debug|Mixed Platforms.ActiveCfg = Debug|Win32
		{F8DE5B89-E45D-4621-9E85-7A8D111964BF}.Debug|Mixed Platforms.Build.0 = Debug|Win32
		{F8DE5B89-E45D-4621-9E85-7A8D111964BF}.Debug|Win32.ActiveCfg = Debug|Win32
		{F8DE5B89-E45D-4621-9E85-7A8D111964BF}.Debug|Win32.Build.0 = Debug|Win32
		{F8DE5B89-E45D-4621-9E85-7A8D111964BF}.Debug|x64.ActiveCfg = Debug|Win32
		{F8DE5B89-E45D-4621-9E85-7A8D111964BF}.Release|Mixed Platforms.ActiveCfg = Release|Win32
		{F8DE5B89-E45D-4621-9E85-7A8D111964BF}.Release|Mixed Platforms.Build.0 = Release|Win32
		{F8DE5B89-E45D-4621-9E85-7A8D111964BF}.Release|Win32.ActiveCfg = Release|Win32
		{F8DE5B89-E45D-4621-9E85-7A8D111964BF}.Release|Win32.Build.0 = Release|Win32
		{F8DE5B89-E45D-4621-9E85-7A8D111964BF}.Release|x64.ActiveCfg = Release|x64
		{F8DE5B89-E45D-4621-9E85-7A8D111964BF}.Release|x64.Build.0 = Release|x64
		{4A05A249-F5AF-4137-9837-475CA284C218}.Debug|Mixed Platforms.ActiveCfg = Debug|Win32
		{4A05A249-F5AF-4137-9837-475CA284C218}.Debug|Mixed Platforms.Build.0 = Debug|Win32
		{4A05A249-F5AF-4137-9837-475CA284C218}.Debug|Win32.ActiveCfg = Debug|Win32
		{4A05A249-F5AF-4137-9837-475CA284C218}.Debug|Win32.Build.0 = Debug|Win32
		{4A05A249-F5AF-4137-9837-475CA284C218}.Debug|x64.ActiveCfg = Debug|Win32
		{4A05A249-F5AF-4137-9837-475CA284C218}.Release|Mixed Platforms.ActiveCfg = Release|Win32
		{4A05A249-F5AF-4137-9837-475CA284C218}.Release|Mixed Platforms.Build.0 = Release|Win32
		{4A05A249-F5AF-4137-9837-475CA284C218}.Release|Win32.ActiveCfg = Release|Win32
		{4A05A249-F5AF-4137-9837-475CA284C218}.Release|Win32.Build.0 = Release|Win32
		{4A05A249-F5AF-4137-9837-475CA284C218}.Release|x64.ActiveCfg = Release|x64
		{4A05A249-F5AF-4137-9837-475CA284C218}.Release|x64.Build.0 = Release|x64
	EndGlobalSection
	GlobalSection(SolutionProperties) = preSolution
		HideSolutionNode = FALSE
	EndGlobalSection
EndGlobal
